// !$*UTF8*$!
{
	archiveVersion = 1;
	classes = {
	};
	objectVersion = 46;
	objects = {

/* Begin PBXBuildFile section */
		F561F6D21AAAB8E700A98935 /* main.m in Sources */ = {isa = PBXBuildFile; fileRef = F561F6D11AAAB8E700A98935 /* main.m */; };
		F561F6D51AAAB8E700A98935 /* AppDelegate.m in Sources */ = {isa = PBXBuildFile; fileRef = F561F6D41AAAB8E700A98935 /* AppDelegate.m */; };
		F561F6D81AAAB8E700A98935 /* ViewController.m in Sources */ = {isa = PBXBuildFile; fileRef = F561F6D71AAAB8E700A98935 /* ViewController.m */; };
		F561F6DB1AAAB8E700A98935 /* Main.storyboard in Resources */ = {isa = PBXBuildFile; fileRef = F561F6D91AAAB8E700A98935 /* Main.storyboard */; };
		F561F6DD1AAAB8E700A98935 /* Images.xcassets in Resources */ = {isa = PBXBuildFile; fileRef = F561F6DC1AAAB8E700A98935 /* Images.xcassets */; };
		F561F6E01AAAB8E700A98935 /* LaunchScreen.xib in Resources */ = {isa = PBXBuildFile; fileRef = F561F6DE1AAAB8E700A98935 /* LaunchScreen.xib */; };
		F561F6EC1AAAB8E700A98935 /* blocbrowserTests.m in Sources */ = {isa = PBXBuildFile; fileRef = F561F6EB1AAAB8E700A98935 /* blocbrowserTests.m */; };
/* End PBXBuildFile section */

/* Begin PBXContainerItemProxy section */
		F561F6E61AAAB8E700A98935 /* PBXContainerItemProxy */ = {
			isa = PBXContainerItemProxy;
			containerPortal = F561F6C41AAAB8E700A98935 /* Project object */;
			proxyType = 1;
			remoteGlobalIDString = F561F6CB1AAAB8E700A98935;
			remoteInfo = blocbrowser;
		};
/* End PBXContainerItemProxy section */

/* Begin PBXFileReference section */
		F561F6CC1AAAB8E700A98935 /* blocbrowser.app */ = {isa = PBXFileReference; explicitFileType = wrapper.application; includeInIndex = 0; path = blocbrowser.app; sourceTree = BUILT_PRODUCTS_DIR; };
		F561F6D01AAAB8E700A98935 /* Info.plist */ = {isa = PBXFileReference; lastKnownFileType = text.plist.xml; path = Info.plist; sourceTree = "<group>"; };
		F561F6D11AAAB8E700A98935 /* main.m */ = {isa = PBXFileReference; lastKnownFileType = sourcecode.c.objc; path = main.m; sourceTree = "<group>"; };
		F561F6D31AAAB8E700A98935 /* AppDelegate.h */ = {isa = PBXFileReference; lastKnownFileType = sourcecode.c.h; path = AppDelegate.h; sourceTree = "<group>"; };
		F561F6D41AAAB8E700A98935 /* AppDelegate.m */ = {isa = PBXFileReference; lastKnownFileType = sourcecode.c.objc; path = AppDelegate.m; sourceTree = "<group>"; };
		F561F6D61AAAB8E700A98935 /* ViewController.h */ = {isa = PBXFileReference; lastKnownFileType = sourcecode.c.h; path = ViewController.h; sourceTree = "<group>"; };
		F561F6D71AAAB8E700A98935 /* ViewController.m */ = {isa = PBXFileReference; lastKnownFileType = sourcecode.c.objc; path = ViewController.m; sourceTree = "<group>"; };
		F561F6DA1AAAB8E700A98935 /* Base */ = {isa = PBXFileReference; lastKnownFileType = file.storyboard; name = Base; path = Base.lproj/Main.storyboard; sourceTree = "<group>"; };
		F561F6DC1AAAB8E700A98935 /* Images.xcassets */ = {isa = PBXFileReference; lastKnownFileType = folder.assetcatalog; path = Images.xcassets; sourceTree = "<group>"; };
		F561F6DF1AAAB8E700A98935 /* Base */ = {isa = PBXFileReference; lastKnownFileType = file.xib; name = Base; path = Base.lproj/LaunchScreen.xib; sourceTree = "<group>"; };
		F561F6E51AAAB8E700A98935 /* blocbrowserTests.xctest */ = {isa = PBXFileReference; explicitFileType = wrapper.cfbundle; includeInIndex = 0; path = blocbrowserTests.xctest; sourceTree = BUILT_PRODUCTS_DIR; };
		F561F6EA1AAAB8E700A98935 /* Info.plist */ = {isa = PBXFileReference; lastKnownFileType = text.plist.xml; path = Info.plist; sourceTree = "<group>"; };
		F561F6EB1AAAB8E700A98935 /* blocbrowserTests.m */ = {isa = PBXFileReference; lastKnownFileType = sourcecode.c.objc; path = blocbrowserTests.m; sourceTree = "<group>"; };
/* End PBXFileReference section */

/* Begin PBXFrameworksBuildPhase section */
		F561F6C91AAAB8E700A98935 /* Frameworks */ = {
			isa = PBXFrameworksBuildPhase;
			buildActionMask = 2147483647;
			files = (
			);
			runOnlyForDeploymentPostprocessing = 0;
		};
		F561F6E21AAAB8E700A98935 /* Frameworks */ = {
			isa = PBXFrameworksBuildPhase;
			buildActionMask = 2147483647;
			files = (
			);
			runOnlyForDeploymentPostprocessing = 0;
		};
/* End PBXFrameworksBuildPhase section */

/* Begin PBXGroup section */
		F561F6C31AAAB8E700A98935 = {
			isa = PBXGroup;
			children = (
				F561F6CE1AAAB8E700A98935 /* blocbrowser */,
				F561F6E81AAAB8E700A98935 /* blocbrowserTests */,
				F561F6CD1AAAB8E700A98935 /* Products */,
			);
			sourceTree = "<group>";
		};
		F561F6CD1AAAB8E700A98935 /* Products */ = {
			isa = PBXGroup;
			children = (
				F561F6CC1AAAB8E700A98935 /* blocbrowser.app */,
				F561F6E51AAAB8E700A98935 /* blocbrowserTests.xctest */,
			);
			name = Products;
			sourceTree = "<group>";
		};
		F561F6CE1AAAB8E700A98935 /* blocbrowser */ = {
			isa = PBXGroup;
			children = (
				F561F6D31AAAB8E700A98935 /* AppDelegate.h */,
				F561F6D41AAAB8E700A98935 /* AppDelegate.m */,
				F561F6D61AAAB8E700A98935 /* ViewController.h */,
				F561F6D71AAAB8E700A98935 /* ViewController.m */,
				F561F6D91AAAB8E700A98935 /* Main.storyboard */,
				F561F6DC1AAAB8E700A98935 /* Images.xcassets */,
				F561F6DE1AAAB8E700A98935 /* LaunchScreen.xib */,
				F561F6CF1AAAB8E700A98935 /* Supporting Files */,
			);
			path = blocbrowser;
			sourceTree = "<group>";
		};
		F561F6CF1AAAB8E700A98935 /* Supporting Files */ = {
			isa = PBXGroup;
			children = (
				F561F6D01AAAB8E700A98935 /* Info.plist */,
				F561F6D11AAAB8E700A98935 /* main.m */,
			);
			name = "Supporting Files";
			sourceTree = "<group>";
		};
		F561F6E81AAAB8E700A98935 /* blocbrowserTests */ = {
			isa = PBXGroup;
			children = (
				F561F6EB1AAAB8E700A98935 /* blocbrowserTests.m */,
				F561F6E91AAAB8E700A98935 /* Supporting Files */,
			);
			path = blocbrowserTests;
			sourceTree = "<group>";
		};
		F561F6E91AAAB8E700A98935 /* Supporting Files */ = {
			isa = PBXGroup;
			children = (
				F561F6EA1AAAB8E700A98935 /* Info.plist */,
			);
			name = "Supporting Files";
			sourceTree = "<group>";
		};
/* End PBXGroup section */

/* Begin PBXNativeTarget section */
		F561F6CB1AAAB8E700A98935 /* blocbrowser */ = {
			isa = PBXNativeTarget;
			buildConfigurationList = F561F6EF1AAAB8E700A98935 /* Build configuration list for PBXNativeTarget "blocbrowser" */;
			buildPhases = (
				F561F6C81AAAB8E700A98935 /* Sources */,
				F561F6C91AAAB8E700A98935 /* Frameworks */,
				F561F6CA1AAAB8E700A98935 /* Resources */,
			);
			buildRules = (
			);
			dependencies = (
			);
			name = blocbrowser;
			productName = blocbrowser;
			productReference = F561F6CC1AAAB8E700A98935 /* blocbrowser.app */;
			productType = "com.apple.product-type.application";
		};
		F561F6E41AAAB8E700A98935 /* blocbrowserTests */ = {
			isa = PBXNativeTarget;
			buildConfigurationList = F561F6F21AAAB8E700A98935 /* Build configuration list for PBXNativeTarget "blocbrowserTests" */;
			buildPhases = (
				F561F6E11AAAB8E700A98935 /* Sources */,
				F561F6E21AAAB8E700A98935 /* Frameworks */,
				F561F6E31AAAB8E700A98935 /* Resources */,
			);
			buildRules = (
			);
			dependencies = (
				F561F6E71AAAB8E700A98935 /* PBXTargetDependency */,
			);
			name = blocbrowserTests;
			productName = blocbrowserTests;
			productReference = F561F6E51AAAB8E700A98935 /* blocbrowserTests.xctest */;
			productType = "com.apple.product-type.bundle.unit-test";
		};
/* End PBXNativeTarget section */

/* Begin PBXProject section */
		F561F6C41AAAB8E700A98935 /* Project object */ = {
			isa = PBXProject;
			attributes = {
				LastUpgradeCheck = 0630;
				ORGANIZATIONNAME = bloc;
				TargetAttributes = {
					F561F6CB1AAAB8E700A98935 = {
						CreatedOnToolsVersion = 6.3;
					};
					F561F6E41AAAB8E700A98935 = {
						CreatedOnToolsVersion = 6.3;
						TestTargetID = F561F6CB1AAAB8E700A98935;
					};
				};
			};
			buildConfigurationList = F561F6C71AAAB8E700A98935 /* Build configuration list for PBXProject "blocbrowser" */;
			compatibilityVersion = "Xcode 3.2";
			developmentRegion = English;
			hasScannedForEncodings = 0;
			knownRegions = (
				en,
				Base,
			);
			mainGroup = F561F6C31AAAB8E700A98935;
			productRefGroup = F561F6CD1AAAB8E700A98935 /* Products */;
			projectDirPath = "";
			projectRoot = "";
			targets = (
				F561F6CB1AAAB8E700A98935 /* blocbrowser */,
				F561F6E41AAAB8E700A98935 /* blocbrowserTests */,
			);
		};
/* End PBXProject section */

/* Begin PBXResourcesBuildPhase section */
		F561F6CA1AAAB8E700A98935 /* Resources */ = {
			isa = PBXResourcesBuildPhase;
			buildActionMask = 2147483647;
			files = (
				F561F6DB1AAAB8E700A98935 /* Main.storyboard in Resources */,
				F561F6E01AAAB8E700A98935 /* LaunchScreen.xib in Resources */,
				F561F6DD1AAAB8E700A98935 /* Images.xcassets in Resources */,
			);
			runOnlyForDeploymentPostprocessing = 0;
		};
		F561F6E31AAAB8E700A98935 /* Resources */ = {
			isa = PBXResourcesBuildPhase;
			buildActionMask = 2147483647;
			files = (
			);
			runOnlyForDeploymentPostprocessing = 0;
		};
/* End PBXResourcesBuildPhase section */

/* Begin PBXSourcesBuildPhase section */
		F561F6C81AAAB8E700A98935 /* Sources */ = {
			isa = PBXSourcesBuildPhase;
			buildActionMask = 2147483647;
			files = (
				F561F6D81AAAB8E700A98935 /* ViewController.m in Sources */,
				F561F6D51AAAB8E700A98935 /* AppDelegate.m in Sources */,
				F561F6D21AAAB8E700A98935 /* main.m in Sources */,
			);
			runOnlyForDeploymentPostprocessing = 0;
		};
		F561F6E11AAAB8E700A98935 /* Sources */ = {
			isa = PBXSourcesBuildPhase;
			buildActionMask = 2147483647;
			files = (
				F561F6EC1AAAB8E700A98935 /* blocbrowserTests.m in Sources */,
			);
			runOnlyForDeploymentPostprocessing = 0;
		};
/* End PBXSourcesBuildPhase section */

/* Begin PBXTargetDependency section */
		F561F6E71AAAB8E700A98935 /* PBXTargetDependency */ = {
			isa = PBXTargetDependency;
			target = F561F6CB1AAAB8E700A98935 /* blocbrowser */;
			targetProxy = F561F6E61AAAB8E700A98935 /* PBXContainerItemProxy */;
		};
/* End PBXTargetDependency section */

/* Begin PBXVariantGroup section */
		F561F6D91AAAB8E700A98935 /* Main.storyboard */ = {
			isa = PBXVariantGroup;
			children = (
				F561F6DA1AAAB8E700A98935 /* Base */,
			);
			name = Main.storyboard;
			sourceTree = "<group>";
		};
		F561F6DE1AAAB8E700A98935 /* LaunchScreen.xib */ = {
			isa = PBXVariantGroup;
			children = (
				F561F6DF1AAAB8E700A98935 /* Base */,
			);
			name = LaunchScreen.xib;
			sourceTree = "<group>";
		};
/* End PBXVariantGroup section */

/* Begin XCBuildConfiguration section */
		F561F6ED1AAAB8E700A98935 /* Debug */ = {
			isa = XCBuildConfiguration;
			buildSettings = {
				ALWAYS_SEARCH_USER_PATHS = NO;
				CLANG_CXX_LANGUAGE_STANDARD = "gnu++0x";
				CLANG_CXX_LIBRARY = "libc++";
				CLANG_ENABLE_MODULES = YES;
				CLANG_ENABLE_OBJC_ARC = YES;
				CLANG_WARN_BOOL_CONVERSION = YES;
				CLANG_WARN_CONSTANT_CONVERSION = YES;
				CLANG_WARN_DIRECT_OBJC_ISA_USAGE = YES_ERROR;
				CLANG_WARN_EMPTY_BODY = YES;
				CLANG_WARN_ENUM_CONVERSION = YES;
				CLANG_WARN_INT_CONVERSION = YES;
				CLANG_WARN_OBJC_ROOT_CLASS = YES_ERROR;
				CLANG_WARN_UNREACHABLE_CODE = YES;
				CLANG_WARN__DUPLICATE_METHOD_MATCH = YES;
				"CODE_SIGN_IDENTITY[sdk=iphoneos*]" = "iPhone Developer";
				COPY_PHASE_STRIP = NO;
				DEBUG_INFORMATION_FORMAT = dwarf;
				ENABLE_STRICT_OBJC_MSGSEND = YES;
				GCC_C_LANGUAGE_STANDARD = gnu99;
				GCC_DYNAMIC_NO_PIC = NO;
				GCC_NO_COMMON_BLOCKS = YES;
				GCC_OPTIMIZATION_LEVEL = 0;
				GCC_PREPROCESSOR_DEFINITIONS = (
					"DEBUG=1",
					"$(inherited)",
				);
				GCC_SYMBOLS_PRIVATE_EXTERN = NO;
				GCC_WARN_64_TO_32_BIT_CONVERSION = YES;
				GCC_WARN_ABOUT_RETURN_TYPE = YES_ERROR;
				GCC_WARN_UNDECLARED_SELECTOR = YES;
				GCC_WARN_UNINITIALIZED_AUTOS = YES_AGGRESSIVE;
				GCC_WARN_UNUSED_FUNCTION = YES;
				GCC_WARN_UNUSED_VARIABLE = YES;
				IPHONEOS_DEPLOYMENT_TARGET = 8.3;
				MTL_ENABLE_DEBUG_INFO = YES;
				ONLY_ACTIVE_ARCH = YES;
				SDKROOT = iphoneos;
			};
			name = Debug;
		};
		F561F6EE1AAAB8E700A98935 /* Release */ = {
			isa = XCBuildConfiguration;
			buildSettings = {
				ALWAYS_SEARCH_USER_PATHS = NO;
				CLANG_CXX_LANGUAGE_STANDARD = "gnu++0x";
				CLANG_CXX_LIBRARY = "libc++";
				CLANG_ENABLE_MODULES = YES;
				CLANG_ENABLE_OBJC_ARC = YES;
				CLANG_WARN_BOOL_CONVERSION = YES;
				CLANG_WARN_CONSTANT_CONVERSION = YES;
				CLANG_WARN_DIRECT_OBJC_ISA_USAGE = YES_ERROR;
				CLANG_WARN_EMPTY_BODY = YES;
				CLANG_WARN_ENUM_CONVERSION = YES;
				CLANG_WARN_INT_CONVERSION = YES;
				CLANG_WARN_OBJC_ROOT_CLASS = YES_ERROR;
				CLANG_WARN_UNREACHABLE_CODE = YES;
				CLANG_WARN__DUPLICATE_METHOD_MATCH = YES;
				"CODE_SIGN_IDENTITY[sdk=iphoneos*]" = "iPhone Developer";
				COPY_PHASE_STRIP = NO;
				DEBUG_INFORMATION_FORMAT = "dwarf-with-dsym";
				ENABLE_NS_ASSERTIONS = NO;
				ENABLE_STRICT_OBJC_MSGSEND = YES;
				GCC_C_LANGUAGE_STANDARD = gnu99;
				GCC_NO_COMMON_BLOCKS = YES;
				GCC_WARN_64_TO_32_BIT_CONVERSION = YES;
				GCC_WARN_ABOUT_RETURN_TYPE = YES_ERROR;
				GCC_WARN_UNDECLARED_SELECTOR = YES;
				GCC_WARN_UNINITIALIZED_AUTOS = YES_AGGRESSIVE;
				GCC_WARN_UNUSED_FUNCTION = YES;
				GCC_WARN_UNUSED_VARIABLE = YES;
				IPHONEOS_DEPLOYMENT_TARGET = 8.3;
				MTL_ENABLE_DEBUG_INFO = NO;
				SDKROOT = iphoneos;
				VALIDATE_PRODUCT = YES;
			};
			name = Release;
		};
		F561F6F01AAAB8E700A98935 /* Debug */ = {
			isa = XCBuildConfiguration;
			buildSettings = {
				ASSETCATALOG_COMPILER_APPICON_NAME = AppIcon;
				INFOPLIST_FILE = blocbrowser/Info.plist;
				LD_RUNPATH_SEARCH_PATHS = "$(inherited) @executable_path/Frameworks";
				PRODUCT_NAME = "$(TARGET_NAME)";
			};
			name = Debug;
		};
		F561F6F11AAAB8E700A98935 /* Release */ = {
			isa = XCBuildConfiguration;
			buildSettings = {
				ASSETCATALOG_COMPILER_APPICON_NAME = AppIcon;
				INFOPLIST_FILE = blocbrowser/Info.plist;
				LD_RUNPATH_SEARCH_PATHS = "$(inherited) @executable_path/Frameworks";
				PRODUCT_NAME = "$(TARGET_NAME)";
			};
			name = Release;
		};
		F561F6F31AAAB8E700A98935 /* Debug */ = {
			isa = XCBuildConfiguration;
			buildSettings = {
				BUNDLE_LOADER = "$(TEST_HOST)";
				FRAMEWORK_SEARCH_PATHS = (
					"$(SDKROOT)/Developer/Library/Frameworks",
					"$(inherited)",
				);
				GCC_PREPROCESSOR_DEFINITIONS = (
					"DEBUG=1",
					"$(inherited)",
				);
				INFOPLIST_FILE = blocbrowserTests/Info.plist;
				LD_RUNPATH_SEARCH_PATHS = "$(inherited) @executable_path/Frameworks @loader_path/Frameworks";
				PRODUCT_NAME = "$(TARGET_NAME)";
				TEST_HOST = "$(BUILT_PRODUCTS_DIR)/blocbrowser.app/blocbrowser";
			};
			name = Debug;
		};
		F561F6F41AAAB8E700A98935 /* Release */ = {
			isa = XCBuildConfiguration;
			buildSettings = {
				BUNDLE_LOADER = "$(TEST_HOST)";
				FRAMEWORK_SEARCH_PATHS = (
					"$(SDKROOT)/Developer/Library/Frameworks",
					"$(inherited)",
				);
				INFOPLIST_FILE = blocbrowserTests/Info.plist;
				LD_RUNPATH_SEARCH_PATHS = "$(inherited) @executable_path/Frameworks @loader_path/Frameworks";
				PRODUCT_NAME = "$(TARGET_NAME)";
				TEST_HOST = "$(BUILT_PRODUCTS_DIR)/blocbrowser.app/blocbrowser";
			};
			name = Release;
		};
/* End XCBuildConfiguration section */

/* Begin XCConfigurationList section */
		F561F6C71AAAB8E700A98935 /* Build configuration list for PBXProject "blocbrowser" */ = {
			isa = XCConfigurationList;
			buildConfigurations = (
				F561F6ED1AAAB8E700A98935 /* Debug */,
				F561F6EE1AAAB8E700A98935 /* Release */,
			);
			defaultConfigurationIsVisible = 0;
			defaultConfigurationName = Release;
		};
		F561F6EF1AAAB8E700A98935 /* Build configuration list for PBXNativeTarget "blocbrowser" */ = {
			isa = XCConfigurationList;
			buildConfigurations = (
				F561F6F01AAAB8E700A98935 /* Debug */,
				F561F6F11AAAB8E700A98935 /* Release */,
			);
			defaultConfigurationIsVisible = 0;
		};
		F561F6F21AAAB8E700A98935 /* Build configuration list for PBXNativeTarget "blocbrowserTests" */ = {
			isa = XCConfigurationList;
			buildConfigurations = (
				F561F6F31AAAB8E700A98935 /* Debug */,
				F561F6F41AAAB8E700A98935 /* Release */,
			);
			defaultConfigurationIsVisible = 0;
		};
/* End XCConfigurationList section */
	};
	rootObject = F561F6C41AAAB8E700A98935 /* Project object */;
}
